{
  "version": 4,
  "terraform_version": "1.3.7",
  "serial": 39,
  "lineage": "7540d575-dcbe-a8d2-b4bc-74bb115df074",
  "outputs": {
    "jenkins_ip": {
      "value": "174.138.88.98",
      "type": "string"
    }
  },
  "resources": [
    {
      "mode": "data",
      "type": "digitalocean_ssh_key",
      "name": "ssh_key",
      "provider": "provider[\"registry.terraform.io/digitalocean/digitalocean\"]",
      "instances": [
        {
          "schema_version": 0,
          "attributes": {
            "fingerprint": "2d:e7:05:b0:44:58:57:fc:71:e1:f4:09:11:ae:b0:70",
            "id": 37386604,
            "name": "Jornada",
            "public_key": "ssh-rsa AAAAB3NzaC1yc2EAAAADAQABAAABAQCuaTORINiK8IYd0xclekSCbur8fYL6wRJ1MJMYJpBVIntXhrfX4mHf/N7zgWO3zqZtTaAyvWYVMtBivr+URmYB8Za+89xXqxBjXHAtczrT3omaj7rf19AfQ6l/hhB68GK/+bUHlxlgjMffdBzUZhhWdIcklsBGKhmuBXKkbeyutPRkn1qmhmEfIa0wfFR7B5ig2jM+fkjLQyKa/MkfUe4Sc7RcX7L9CrAgxz7Wzjx+PHrojnW39js3VyFUf8YN7YiwRyCoC2ZXzjFzUO/BliAgYb5voDLNUknSMUMNO9GSN8T9LiCugx6LqGNeXbarplcPs+fKlFyWCN6L5Q6gy1AF rober@DESKTOP-P8QK3UL"
          },
          "sensitive_attributes": []
        }
      ]
    },
    {
      "mode": "managed",
      "type": "digitalocean_droplet",
      "name": "jenkins",
      "provider": "provider[\"registry.terraform.io/digitalocean/digitalocean\"]",
      "instances": [
        {
          "schema_version": 1,
          "attributes": {
            "backups": false,
            "created_at": "2023-01-30T00:47:20Z",
            "disk": 60,
            "droplet_agent": null,
            "graceful_shutdown": false,
            "id": "338174038",
            "image": "ubuntu-22-04-x64",
            "ipv4_address": "174.138.88.98",
            "ipv4_address_private": "10.108.0.2",
            "ipv6": false,
            "ipv6_address": "",
            "locked": false,
            "memory": 2048,
            "monitoring": false,
            "name": "jenkins",
            "price_hourly": 0.02679,
            "price_monthly": 18,
            "private_networking": true,
            "region": "nyc3",
            "resize_disk": true,
            "size": "s-2vcpu-2gb",
            "ssh_keys": [
              "37386604"
            ],
            "status": "active",
            "tags": [],
            "timeouts": null,
            "urn": "do:droplet:338174038",
            "user_data": null,
            "vcpus": 2,
            "volume_ids": [],
            "vpc_uuid": "b44105ea-0798-4181-95fb-ea58cb77f152"
          },
          "sensitive_attributes": [],
          "private": "eyJlMmJmYjczMC1lY2FhLTExZTYtOGY4OC0zNDM2M2JjN2M0YzAiOnsiY3JlYXRlIjozNjAwMDAwMDAwMDAwLCJkZWxldGUiOjYwMDAwMDAwMDAwLCJ1cGRhdGUiOjM2MDAwMDAwMDAwMDB9LCJzY2hlbWFfdmVyc2lvbiI6IjEifQ==",
          "dependencies": [
            "data.digitalocean_ssh_key.ssh_key"
          ]
        }
      ]
    }
  ],
  "check_results": null
}
